
Microsoft Visual Studio Solution File, Format Version 12.00
# Visual Studio 15
VisualStudioVersion = 15.0.27703.2035
MinimumVisualStudioVersion = 10.0.40219.1
Project("{FAE04EC0-301F-11D3-BF4B-00C04F79EFBC}") = "TesterApi", "TesterApi\TesterApi.csproj", "{93DC5E20-F444-48CE-A9DC-F70AE04709E1}"
EndProject
Global
	GlobalSection(SolutionConfigurationPlatforms) = preSolution
		Debug|Any CPU = Debug|Any CPU
		Release|Any CPU = Release|Any CPU
	EndGlobalSection
	GlobalSection(ProjectConfigurationPlatforms) = postSolution
		{93DC5E20-F444-48CE-A9DC-F70AE04709E1}.Debug|Any CPU.ActiveCfg = Debug|Any CPU
		{93DC5E20-F444-48CE-A9DC-F70AE04709E1}.Debug|Any CPU.Build.0 = Debug|Any CPU
		{93DC5E20-F444-48CE-A9DC-F70AE04709E1}.Release|Any CPU.ActiveCfg = Release|Any CPU
		{93DC5E20-F444-48CE-A9DC-F70AE04709E1}.Release|Any CPU.Build.0 = Release|Any CPU
	EndGlobalSection
	GlobalSection(SolutionProperties) = preSolution
		HideSolutionNode = FALSE
	EndGlobalSection
	GlobalSection(ExtensibilityGlobals) = postSolution
		SolutionGuid = {3F490D3A-F151-4DD5-B60A-9224FC6A4255}
	EndGlobalSection
EndGlobal
